{
    "_readme": [
        "This file locks the dependencies of your project to a known state",
        "Read more about it at https://getcomposer.org/doc/01-basic-usage.md#composer-lock-the-lock-file",
        "This file is @generated automatically"
    ],
    "hash": "3003610f032bd70b9ee27c8aaba776e6",
    "packages": [
        {
            "name": "dibi/dibi",
            "version": "v2.3.2",
            "source": {
                "type": "git",
                "url": "https://github.com/dg/dibi.git",
                "reference": "7762da1bbbcbffc97515cff47b118be63244834c"
            },
            "dist": {
                "type": "zip",
                "url": "https://api.github.com/repos/dg/dibi/zipball/7762da1bbbcbffc97515cff47b118be63244834c",
                "reference": "7762da1bbbcbffc97515cff47b118be63244834c",
                "shasum": ""
            },
            "require": {
                "php": ">=5.2.0"
            },
            "replace": {
                "dg/dibi": "self.version"
            },
            "require-dev": {
                "nette/tester": "~1.3",
                "tracy/tracy": "~2.2"
            },
            "type": "library",
            "extra": {
                "branch-alias": {
                    "dev-master": "2.3-dev"
                }
            },
            "autoload": {
                "classmap": [
                    "dibi/"
                ]
            },
            "notification-url": "https://packagist.org/downloads/",
            "license": [
                "BSD-3-Clause",
                "GPL-2.0",
                "GPL-3.0"
            ],
            "authors": [
                {
                    "name": "David Grudl",
                    "homepage": "http://davidgrudl.com"
                }
            ],
            "description": "Dibi is Database Abstraction Library for PHP",
            "homepage": "http://dibiphp.com",
            "keywords": [
                "access",
                "database",
                "dbal",
                "mssql",
                "mysql",
                "odbc",
                "oracle",
                "pdo",
                "postgresql",
                "sqlite"
            ],
            "time": "2015-04-18 14:26:53"
        },
        {
            "name": "slim/slim",
            "version": "2.6.2",
            "source": {
                "type": "git",
                "url": "https://github.com/slimphp/Slim.git",
                "reference": "20a02782f76830b67ae56a5c08eb1f563c351a37"
            },
            "dist": {
                "type": "zip",
                "url": "https://api.github.com/repos/slimphp/Slim/zipball/20a02782f76830b67ae56a5c08eb1f563c351a37",
                "reference": "20a02782f76830b67ae56a5c08eb1f563c351a37",
                "shasum": ""
            },
            "require": {
                "php": ">=5.3.0"
            },
            "suggest": {
                "ext-mcrypt": "Required for HTTP cookie encryption"
            },
            "type": "library",
            "autoload": {
                "psr-0": {
                    "Slim": "."
                }
            },
            "notification-url": "https://packagist.org/downloads/",
            "license": [
                "MIT"
            ],
            "authors": [
                {
                    "name": "Josh Lockhart",
                    "email": "info@joshlockhart.com",
                    "homepage": "http://www.joshlockhart.com/"
                }
            ],
            "description": "Slim Framework, a PHP micro framework",
            "homepage": "http://github.com/codeguy/Slim",
            "keywords": [
                "microframework",
                "rest",
                "router"
            ],
            "time": "2015-03-08 18:41:17"
        },
        {
            "name": "widget-o/widget-o-php",
            "version": "dev-master",
            "source": {
                "type": "git",
                "url": "https://github.com/sebastian-misiewicz/widget-o-php.git",
                "reference": "b671189cbfd49d9dc521cbf427605cafa35cf5eb"
            },
            "dist": {
                "type": "zip",
                "url": "https://api.github.com/repos/sebastian-misiewicz/widget-o-php/zipball/b671189cbfd49d9dc521cbf427605cafa35cf5eb",
                "reference": "b671189cbfd49d9dc521cbf427605cafa35cf5eb",
                "shasum": ""
            },
            "require": {
                "dibi/dibi": "^2.3",
                "slim/slim": "~2.0"
            },
            "type": "library",
            "autoload": {
                "psr-0": {
                    "Widgeto": "."
                }
            },
            "notification-url": "https://packagist.org/downloads/",
            "time": "2015-09-27 12:46:39"
        }
    ],
    "packages-dev": [],
    "aliases": [],
    "minimum-stability": "stable",
    "stability-flags": {
        "widget-o/widget-o-php": 20
    },
    "prefer-stable": false,
    "prefer-lowest": false,
    "platform": [],
    "platform-dev": []
}
